
Microsoft Visual Studio Solution File, Format Version 12.00
# Visual Studio Version 17
VisualStudioVersion = 17.5.33530.505
MinimumVisualStudioVersion = 10.0.40219.1
Project("{FAE04EC0-301F-11D3-BF4B-00C04F79EFBC}") = "AffinityProgram", "AffinityProgram\AffinityProgram.csproj", "{2B0C8FB3-8BDE-412D-AEBE-898C94C04F21}"
EndProject
Project("{FAE04EC0-301F-11D3-BF4B-00C04F79EFBC}") = "Benchmark", "Benchmark\Benchmark.csproj", "{0C28DE7E-2AE5-43B4-8FC2-6AA9DCF23813}"
EndProject
Global
	GlobalSection(SolutionConfigurationPlatforms) = preSolution
		Debug|Any CPU = Debug|Any CPU
		Release|Any CPU = Release|Any CPU
	EndGlobalSection
	GlobalSection(ProjectConfigurationPlatforms) = postSolution
		{2B0C8FB3-8BDE-412D-AEBE-898C94C04F21}.Debug|Any CPU.ActiveCfg = Debug|Any CPU
		{2B0C8FB3-8BDE-412D-AEBE-898C94C04F21}.Debug|Any CPU.Build.0 = Debug|Any CPU
		{2B0C8FB3-8BDE-412D-AEBE-898C94C04F21}.Release|Any CPU.ActiveCfg = Release|Any CPU
		{2B0C8FB3-8BDE-412D-AEBE-898C94C04F21}.Release|Any CPU.Build.0 = Release|Any CPU
		{0C28DE7E-2AE5-43B4-8FC2-6AA9DCF23813}.Debug|Any CPU.ActiveCfg = Debug|Any CPU
		{0C28DE7E-2AE5-43B4-8FC2-6AA9DCF23813}.Debug|Any CPU.Build.0 = Debug|Any CPU
		{0C28DE7E-2AE5-43B4-8FC2-6AA9DCF23813}.Release|Any CPU.ActiveCfg = Release|Any CPU
		{0C28DE7E-2AE5-43B4-8FC2-6AA9DCF23813}.Release|Any CPU.Build.0 = Release|Any CPU
	EndGlobalSection
	GlobalSection(SolutionProperties) = preSolution
		HideSolutionNode = FALSE
	EndGlobalSection
	GlobalSection(ExtensibilityGlobals) = postSolution
		SolutionGuid = {A62FABD6-1778-4909-B795-FC0C82B9E2FB}
	EndGlobalSection
EndGlobal
